
Microsoft Visual Studio Solution File, Format Version 12.00
# Visual Studio Version 17
VisualStudioVersion = 17.14.36429.23
MinimumVisualStudioVersion = 10.0.40219.1
Project("{FAE04EC0-301F-11D3-BF4B-00C04F79EFBC}") = "PR.Domain", "PR.Domain\PR.Domain.csproj", "{D4C39266-CE4D-4446-A5F3-5ECC7CC6D4DF}"
EndProject
Project("{FAE04EC0-301F-11D3-BF4B-00C04F79EFBC}") = "PR.IO", "PR.IO\PR.IO.csproj", "{06477EEA-E64A-4549-9131-C3979D120AD6}"
EndProject
Project("{FAE04EC0-301F-11D3-BF4B-00C04F79EFBC}") = "PR.Domain.UnitTest", "PR.Domain.UnitTest\PR.Domain.UnitTest.csproj", "{B7D1EB57-C873-4B69-B682-58E35FF3EA32}"
EndProject
Project("{FAE04EC0-301F-11D3-BF4B-00C04F79EFBC}") = "PR.IO.UnitTest", "PR.IO.UnitTest\PR.IO.UnitTest.csproj", "{66026DCD-1639-4326-B8EC-AB8FD4BDC083}"
EndProject
Project("{FAE04EC0-301F-11D3-BF4B-00C04F79EFBC}") = "PR.Persistence", "PR.Persistence\PR.Persistence.csproj", "{D4013E65-9302-4725-A2DA-5CF8775661C9}"
EndProject
Project("{FAE04EC0-301F-11D3-BF4B-00C04F79EFBC}") = "PR.Application", "PR.Application\PR.Application.csproj", "{5789F2F6-4AC7-4007-9E35-0EB51AAABCB8}"
EndProject
Project("{FAE04EC0-301F-11D3-BF4B-00C04F79EFBC}") = "PR.Persistence.Versioned", "PR.Persistence.Versioned\PR.Persistence.Versioned.csproj", "{1E145E4B-9C34-4A31-81AE-6075B03BAE70}"
EndProject
Project("{FAE04EC0-301F-11D3-BF4B-00C04F79EFBC}") = "PR.Application.UnitTest", "PR.Application.UnitTest\PR.Application.UnitTest.csproj", "{0F2D427D-5EFA-48B3-AED6-A889F343EFD4}"
EndProject
Project("{FAE04EC0-301F-11D3-BF4B-00C04F79EFBC}") = "PR.Persistence.UnitTest", "PR.Persistence.UnitTest\PR.Persistence.UnitTest.csproj", "{3B45AE0B-08F4-4585-ACAF-C279A1B77D0E}"
EndProject
Project("{FAE04EC0-301F-11D3-BF4B-00C04F79EFBC}") = "PR.Persistence.EntityFrameworkCore", "PR.Persistence.EntityFrameworkCore\PR.Persistence.EntityFrameworkCore.csproj", "{CAF1774C-7BDA-4DDA-8D8C-7B6D7203AAC6}"
EndProject
Project("{FAE04EC0-301F-11D3-BF4B-00C04F79EFBC}") = "PR.Persistence.EntityFrameworkCore.Sqlite", "PR.Persistence.EntityFrameworkCore.Sqlite\PR.Persistence.EntityFrameworkCore.Sqlite.csproj", "{33981914-3485-47C9-BD45-50118F0EEB39}"
EndProject
Project("{FAE04EC0-301F-11D3-BF4B-00C04F79EFBC}") = "PR.Persistence.EntityFrameworkCore.Helper", "PR.Persistence.EntityFrameworkCore.Helper\PR.Persistence.EntityFrameworkCore.Helper.csproj", "{4E8B894D-9FEB-41EA-A1BE-9CDC725EFAD3}"
EndProject
Project("{FAE04EC0-301F-11D3-BF4B-00C04F79EFBC}") = "PR.Persistence.EntityFrameworkCore.InMemory", "PR.Persistence.EntityFrameworkCore.InMemory\PR.Persistence.EntityFrameworkCore.InMemory.csproj", "{2182CA5E-38E0-47C9-82DF-2E636894E604}"
EndProject
Project("{FAE04EC0-301F-11D3-BF4B-00C04F79EFBC}") = "PR.Persistence.EntityFrameworkCore.PostgreSQL", "PR.Persistence.EntityFrameworkCore.PostgreSQL\PR.Persistence.EntityFrameworkCore.PostgreSQL.csproj", "{EB1E04E9-6A79-49DA-A337-606ED6C94965}"
EndProject
Project("{FAE04EC0-301F-11D3-BF4B-00C04F79EFBC}") = "PR.Persistence.EntityFrameworkCore.SqlServer", "PR.Persistence.EntityFrameworkCore.SqlServer\PR.Persistence.EntityFrameworkCore.SqlServer.csproj", "{68B5A38E-1645-4DFE-9D2E-06C098233CE9}"
EndProject
Global
	GlobalSection(SolutionConfigurationPlatforms) = preSolution
		Debug|Any CPU = Debug|Any CPU
		Release|Any CPU = Release|Any CPU
	EndGlobalSection
	GlobalSection(ProjectConfigurationPlatforms) = postSolution
		{D4C39266-CE4D-4446-A5F3-5ECC7CC6D4DF}.Debug|Any CPU.ActiveCfg = Debug|Any CPU
		{D4C39266-CE4D-4446-A5F3-5ECC7CC6D4DF}.Debug|Any CPU.Build.0 = Debug|Any CPU
		{D4C39266-CE4D-4446-A5F3-5ECC7CC6D4DF}.Release|Any CPU.ActiveCfg = Release|Any CPU
		{D4C39266-CE4D-4446-A5F3-5ECC7CC6D4DF}.Release|Any CPU.Build.0 = Release|Any CPU
		{06477EEA-E64A-4549-9131-C3979D120AD6}.Debug|Any CPU.ActiveCfg = Debug|Any CPU
		{06477EEA-E64A-4549-9131-C3979D120AD6}.Debug|Any CPU.Build.0 = Debug|Any CPU
		{06477EEA-E64A-4549-9131-C3979D120AD6}.Release|Any CPU.ActiveCfg = Release|Any CPU
		{06477EEA-E64A-4549-9131-C3979D120AD6}.Release|Any CPU.Build.0 = Release|Any CPU
		{B7D1EB57-C873-4B69-B682-58E35FF3EA32}.Debug|Any CPU.ActiveCfg = Debug|Any CPU
		{B7D1EB57-C873-4B69-B682-58E35FF3EA32}.Debug|Any CPU.Build.0 = Debug|Any CPU
		{B7D1EB57-C873-4B69-B682-58E35FF3EA32}.Release|Any CPU.ActiveCfg = Release|Any CPU
		{B7D1EB57-C873-4B69-B682-58E35FF3EA32}.Release|Any CPU.Build.0 = Release|Any CPU
		{66026DCD-1639-4326-B8EC-AB8FD4BDC083}.Debug|Any CPU.ActiveCfg = Debug|Any CPU
		{66026DCD-1639-4326-B8EC-AB8FD4BDC083}.Debug|Any CPU.Build.0 = Debug|Any CPU
		{66026DCD-1639-4326-B8EC-AB8FD4BDC083}.Release|Any CPU.ActiveCfg = Release|Any CPU
		{66026DCD-1639-4326-B8EC-AB8FD4BDC083}.Release|Any CPU.Build.0 = Release|Any CPU
		{D4013E65-9302-4725-A2DA-5CF8775661C9}.Debug|Any CPU.ActiveCfg = Debug|Any CPU
		{D4013E65-9302-4725-A2DA-5CF8775661C9}.Debug|Any CPU.Build.0 = Debug|Any CPU
		{D4013E65-9302-4725-A2DA-5CF8775661C9}.Release|Any CPU.ActiveCfg = Release|Any CPU
		{D4013E65-9302-4725-A2DA-5CF8775661C9}.Release|Any CPU.Build.0 = Release|Any CPU
		{5789F2F6-4AC7-4007-9E35-0EB51AAABCB8}.Debug|Any CPU.ActiveCfg = Debug|Any CPU
		{5789F2F6-4AC7-4007-9E35-0EB51AAABCB8}.Debug|Any CPU.Build.0 = Debug|Any CPU
		{5789F2F6-4AC7-4007-9E35-0EB51AAABCB8}.Release|Any CPU.ActiveCfg = Release|Any CPU
		{5789F2F6-4AC7-4007-9E35-0EB51AAABCB8}.Release|Any CPU.Build.0 = Release|Any CPU
		{1E145E4B-9C34-4A31-81AE-6075B03BAE70}.Debug|Any CPU.ActiveCfg = Debug|Any CPU
		{1E145E4B-9C34-4A31-81AE-6075B03BAE70}.Debug|Any CPU.Build.0 = Debug|Any CPU
		{1E145E4B-9C34-4A31-81AE-6075B03BAE70}.Release|Any CPU.ActiveCfg = Release|Any CPU
		{1E145E4B-9C34-4A31-81AE-6075B03BAE70}.Release|Any CPU.Build.0 = Release|Any CPU
		{0F2D427D-5EFA-48B3-AED6-A889F343EFD4}.Debug|Any CPU.ActiveCfg = Debug|Any CPU
		{0F2D427D-5EFA-48B3-AED6-A889F343EFD4}.Debug|Any CPU.Build.0 = Debug|Any CPU
		{0F2D427D-5EFA-48B3-AED6-A889F343EFD4}.Release|Any CPU.ActiveCfg = Release|Any CPU
		{0F2D427D-5EFA-48B3-AED6-A889F343EFD4}.Release|Any CPU.Build.0 = Release|Any CPU
		{3B45AE0B-08F4-4585-ACAF-C279A1B77D0E}.Debug|Any CPU.ActiveCfg = Debug|Any CPU
		{3B45AE0B-08F4-4585-ACAF-C279A1B77D0E}.Debug|Any CPU.Build.0 = Debug|Any CPU
		{3B45AE0B-08F4-4585-ACAF-C279A1B77D0E}.Release|Any CPU.ActiveCfg = Release|Any CPU
		{3B45AE0B-08F4-4585-ACAF-C279A1B77D0E}.Release|Any CPU.Build.0 = Release|Any CPU
		{CAF1774C-7BDA-4DDA-8D8C-7B6D7203AAC6}.Debug|Any CPU.ActiveCfg = Debug|Any CPU
		{CAF1774C-7BDA-4DDA-8D8C-7B6D7203AAC6}.Debug|Any CPU.Build.0 = Debug|Any CPU
		{CAF1774C-7BDA-4DDA-8D8C-7B6D7203AAC6}.Release|Any CPU.ActiveCfg = Release|Any CPU
		{CAF1774C-7BDA-4DDA-8D8C-7B6D7203AAC6}.Release|Any CPU.Build.0 = Release|Any CPU
		{33981914-3485-47C9-BD45-50118F0EEB39}.Debug|Any CPU.ActiveCfg = Debug|Any CPU
		{33981914-3485-47C9-BD45-50118F0EEB39}.Debug|Any CPU.Build.0 = Debug|Any CPU
		{33981914-3485-47C9-BD45-50118F0EEB39}.Release|Any CPU.ActiveCfg = Release|Any CPU
		{33981914-3485-47C9-BD45-50118F0EEB39}.Release|Any CPU.Build.0 = Release|Any CPU
		{4E8B894D-9FEB-41EA-A1BE-9CDC725EFAD3}.Debug|Any CPU.ActiveCfg = Debug|Any CPU
		{4E8B894D-9FEB-41EA-A1BE-9CDC725EFAD3}.Debug|Any CPU.Build.0 = Debug|Any CPU
		{4E8B894D-9FEB-41EA-A1BE-9CDC725EFAD3}.Release|Any CPU.ActiveCfg = Release|Any CPU
		{4E8B894D-9FEB-41EA-A1BE-9CDC725EFAD3}.Release|Any CPU.Build.0 = Release|Any CPU
		{2182CA5E-38E0-47C9-82DF-2E636894E604}.Debug|Any CPU.ActiveCfg = Debug|Any CPU
		{2182CA5E-38E0-47C9-82DF-2E636894E604}.Debug|Any CPU.Build.0 = Debug|Any CPU
		{2182CA5E-38E0-47C9-82DF-2E636894E604}.Release|Any CPU.ActiveCfg = Release|Any CPU
		{2182CA5E-38E0-47C9-82DF-2E636894E604}.Release|Any CPU.Build.0 = Release|Any CPU
		{EB1E04E9-6A79-49DA-A337-606ED6C94965}.Debug|Any CPU.ActiveCfg = Debug|Any CPU
		{EB1E04E9-6A79-49DA-A337-606ED6C94965}.Debug|Any CPU.Build.0 = Debug|Any CPU
		{EB1E04E9-6A79-49DA-A337-606ED6C94965}.Release|Any CPU.ActiveCfg = Release|Any CPU
		{EB1E04E9-6A79-49DA-A337-606ED6C94965}.Release|Any CPU.Build.0 = Release|Any CPU
		{68B5A38E-1645-4DFE-9D2E-06C098233CE9}.Debug|Any CPU.ActiveCfg = Debug|Any CPU
		{68B5A38E-1645-4DFE-9D2E-06C098233CE9}.Debug|Any CPU.Build.0 = Debug|Any CPU
		{68B5A38E-1645-4DFE-9D2E-06C098233CE9}.Release|Any CPU.ActiveCfg = Release|Any CPU
		{68B5A38E-1645-4DFE-9D2E-06C098233CE9}.Release|Any CPU.Build.0 = Release|Any CPU
	EndGlobalSection
	GlobalSection(SolutionProperties) = preSolution
		HideSolutionNode = FALSE
	EndGlobalSection
	GlobalSection(ExtensibilityGlobals) = postSolution
		SolutionGuid = {F4D981B5-DFAA-4F1B-80A9-D9AA2A0B813A}
	EndGlobalSection
EndGlobal
